
Microsoft Visual Studio Solution File, Format Version 12.00
# Visual Studio Version 16
VisualStudioVersion = 16.0.30611.23
MinimumVisualStudioVersion = 10.0.40219.1
Project("{FAE04EC0-301F-11D3-BF4B-00C04F79EFBC}") = "UnitTest", "UnitTest\UnitTest.csproj", "{695970DB-6942-47CC-A7FF-564AFCA7B5B0}"
EndProject
Project("{FAE04EC0-301F-11D3-BF4B-00C04F79EFBC}") = "TDD-Opdracht", "TDD-Opdracht\TDD-Opdracht.csproj", "{FAC234DE-FEE1-46C3-A5C6-FB445D8D9631}"
EndProject
Global
	GlobalSection(SolutionConfigurationPlatforms) = preSolution
		Debug|Any CPU = Debug|Any CPU
		Release|Any CPU = Release|Any CPU
	EndGlobalSection
	GlobalSection(ProjectConfigurationPlatforms) = postSolution
		{695970DB-6942-47CC-A7FF-564AFCA7B5B0}.Debug|Any CPU.ActiveCfg = Debug|Any CPU
		{695970DB-6942-47CC-A7FF-564AFCA7B5B0}.Debug|Any CPU.Build.0 = Debug|Any CPU
		{695970DB-6942-47CC-A7FF-564AFCA7B5B0}.Release|Any CPU.ActiveCfg = Release|Any CPU
		{695970DB-6942-47CC-A7FF-564AFCA7B5B0}.Release|Any CPU.Build.0 = Release|Any CPU
		{FAC234DE-FEE1-46C3-A5C6-FB445D8D9631}.Debug|Any CPU.ActiveCfg = Debug|Any CPU
		{FAC234DE-FEE1-46C3-A5C6-FB445D8D9631}.Debug|Any CPU.Build.0 = Debug|Any CPU
		{FAC234DE-FEE1-46C3-A5C6-FB445D8D9631}.Release|Any CPU.ActiveCfg = Release|Any CPU
		{FAC234DE-FEE1-46C3-A5C6-FB445D8D9631}.Release|Any CPU.Build.0 = Release|Any CPU
	EndGlobalSection
	GlobalSection(SolutionProperties) = preSolution
		HideSolutionNode = FALSE
	EndGlobalSection
	GlobalSection(ExtensibilityGlobals) = postSolution
		SolutionGuid = {67B7382D-D3EC-4DE5-AADB-B932BFD6C149}
	EndGlobalSection
EndGlobal
